
Microsoft Visual Studio Solution File, Format Version 12.00
# Visual Studio Version 16
VisualStudioVersion = 16.0.29905.134
MinimumVisualStudioVersion = 10.0.40219.1
Project("{FAE04EC0-301F-11D3-BF4B-00C04F79EFBC}") = "form.get", "form.get.csproj", "{87FA0FB0-96D0-4EF6-9B97-AFF42FA060E5}"
EndProject
Global
	GlobalSection(SolutionConfigurationPlatforms) = preSolution
		Debug|Any CPU = Debug|Any CPU
		Release|Any CPU = Release|Any CPU
	EndGlobalSection
	GlobalSection(ProjectConfigurationPlatforms) = postSolution
		{87FA0FB0-96D0-4EF6-9B97-AFF42FA060E5}.Debug|Any CPU.ActiveCfg = Debug|Any CPU
		{87FA0FB0-96D0-4EF6-9B97-AFF42FA060E5}.Debug|Any CPU.Build.0 = Debug|Any CPU
		{87FA0FB0-96D0-4EF6-9B97-AFF42FA060E5}.Release|Any CPU.ActiveCfg = Release|Any CPU
		{87FA0FB0-96D0-4EF6-9B97-AFF42FA060E5}.Release|Any CPU.Build.0 = Release|Any CPU
	EndGlobalSection
	GlobalSection(SolutionProperties) = preSolution
		HideSolutionNode = FALSE
	EndGlobalSection
	GlobalSection(ExtensibilityGlobals) = postSolution
		SolutionGuid = {6FB0D707-BA3C-4B32-B068-6E80A58697BD}
	EndGlobalSection
EndGlobal
